
Microsoft Visual Studio Solution File, Format Version 12.00
# Visual Studio Version 16
VisualStudioVersion = 16.0.31205.134
MinimumVisualStudioVersion = 10.0.40219.1
Project("{FAE04EC0-301F-11D3-BF4B-00C04F79EFBC}") = "AmbienteGrafico_SETR v2", "AmbienteGrafico_SETR v2\AmbienteGrafico_SETR v2.csproj", "{09C704CA-CCBC-4CEF-8708-47C036874196}"
EndProject
Global
	GlobalSection(SolutionConfigurationPlatforms) = preSolution
		Debug|Any CPU = Debug|Any CPU
		Release|Any CPU = Release|Any CPU
	EndGlobalSection
	GlobalSection(ProjectConfigurationPlatforms) = postSolution
		{09C704CA-CCBC-4CEF-8708-47C036874196}.Debug|Any CPU.ActiveCfg = Debug|Any CPU
		{09C704CA-CCBC-4CEF-8708-47C036874196}.Debug|Any CPU.Build.0 = Debug|Any CPU
		{09C704CA-CCBC-4CEF-8708-47C036874196}.Release|Any CPU.ActiveCfg = Release|Any CPU
		{09C704CA-CCBC-4CEF-8708-47C036874196}.Release|Any CPU.Build.0 = Release|Any CPU
	EndGlobalSection
	GlobalSection(SolutionProperties) = preSolution
		HideSolutionNode = FALSE
	EndGlobalSection
	GlobalSection(ExtensibilityGlobals) = postSolution
		SolutionGuid = {13A4B5E1-C7BE-4D99-B06D-119F61F3908D}
	EndGlobalSection
EndGlobal
